github.com/davecgh/go-spew v1.1.1 h1:vj9j/u1bqnvCEfJOwUhtlOARqs3+rkHYY13jYWTU97c=
github.com/davecgh/go-spew v1.1.1/go.mod h1:J7Y8YcW2NihsgmVo/mv3lAwl/skON4iLHjSsI+c5H38=
github.com/pmezard/go-difflib v1.0.0 h1:4DBwDE0NGyQoBHbLQYPwSUPoCMWR5BEzIk/f1lZbAQM=
github.com/pmezard/go-difflib v1.0.0/go.mod h1:iKH77koFhYxTK1pcRnkKkqfTogsbg7gZNVY4sRDYZ/4=
github.com/stretchr/testify v1.8.4 h1:CcVxjf3Q8PM0mHUKJCdn+eZZtm5yQwehR5yeSVQQcUk=
github.com/stretchr/testify v1.8.4/go.mod h1:sz/lmYIOXD/1dqDmKjjqLyZ2RngseejIcXlSw2iwfAo=
gopkg.in/yaml.v3 v3.0.1 h1:fxVm/GzAzEWqLHuvctI91KS9hhNmmWOoWu0XTYJS7CA=
gopkg.in/yaml.v3 v3.0.1/go.mod h1:K4uyk7z7BCEPqu6E+C64Yfv1cQ7kz7rIZviUmN+EgEM=
nikand.dev/go/cbor v0.0.0-20240927214417-98af9ca7872f h1:ni1YmHBWF8YI22c1TW7uTBG9nfyezWSC4n+9zZT7RHQ=
nikand.dev/go/cbor v0.0.0-20240927214417-98af9ca7872f/go.mod h1:KU6mV3VAVKdPXXlzE9BtpUaVtV+Z/N/jFEeC5jXMkDg=
nikand.dev/go/json v0.8.1-0.20240930001411-19bd33041b34 h1:BJFn2C2L0oyNgdQM/B8V3FmckbI9Aq+4cf5WbPe4v7o=
nikand.dev/go/json v0.8.1-0.20240930001411-19bd33041b34/go.mod h1:5EUt4vAL8W84KTliF4O9SC8Z3JxkVCSwMXdDm5Na16s=
nikand.dev/go/skip v0.0.0-20240929151604-20052f07912a h1:TqBlyEQ54n+knDEl5DMpB2GOSm6zeKix0SE0ADLO9u4=
nikand.dev/go/skip v0.0.0-20240929151604-20052f07912a/go.mod h1:sxT9iqxrhIQGtoTQWbhSy7yhd5mmtenoHpG0buF6p1w=
