github.com/davecgh/go-spew v1.1.1 h1:vj9j/u1bqnvCEfJOwUhtlOARqs3+rkHYY13jYWTU97c=
github.com/davecgh/go-spew v1.1.1/go.mod h1:J7Y8YcW2NihsgmVo/mv3lAwl/skON4iLHjSsI+c5H38=
github.com/pmezard/go-difflib v1.0.0 h1:4DBwDE0NGyQoBHbLQYPwSUPoCMWR5BEzIk/f1lZbAQM=
github.com/pmezard/go-difflib v1.0.0/go.mod h1:iKH77koFhYxTK1pcRnkKkqfTogsbg7gZNVY4sRDYZ/4=
github.com/stretchr/testify v1.8.4 h1:CcVxjf3Q8PM0mHUKJCdn+eZZtm5yQwehR5yeSVQQcUk=
github.com/stretchr/testify v1.8.4/go.mod h1:sz/lmYIOXD/1dqDmKjjqLyZ2RngseejIcXlSw2iwfAo=
gopkg.in/yaml.v3 v3.0.1 h1:fxVm/GzAzEWqLHuvctI91KS9hhNmmWOoWu0XTYJS7CA=
gopkg.in/yaml.v3 v3.0.1/go.mod h1:K4uyk7z7BCEPqu6E+C64Yfv1cQ7kz7rIZviUmN+EgEM=
nikand.dev/go/cbor v0.0.0-20260308033210-6c85ae0ecd87 h1:WdADrtzaNq/iBpOU7h64ErhP/3feZiLZ0ZgxHTZtQSE=
nikand.dev/go/cbor v0.0.0-20260308033210-6c85ae0ecd87/go.mod h1:KU6mV3VAVKdPXXlzE9BtpUaVtV+Z/N/jFEeC5jXMkDg=
nikand.dev/go/json2 v0.11.1-0.20251213155005-470ddea1d06f h1:OJLQwbGKc6tZlkBaTrHWlgEZ5St/IqhPs9aYnkcK4z8=
nikand.dev/go/json2 v0.11.1-0.20251213155005-470ddea1d06f/go.mod h1:bUBGUxTFiDKtLwVkO/qT+4pYprt217JHt+KaZhCqAgA=
nikand.dev/go/skip v0.0.0-20250318144159-13117a8602fa h1:uSFO6jp6uqmyOWdV2YXL2TytzrtoZDtg35v4KG/9dVE=
nikand.dev/go/skip v0.0.0-20250318144159-13117a8602fa/go.mod h1:sxT9iqxrhIQGtoTQWbhSy7yhd5mmtenoHpG0buF6p1w=
